
Microsoft Visual Studio Solution File, Format Version 12.00
# Visual Studio Version 16
VisualStudioVersion = 16.0.28803.452
MinimumVisualStudioVersion = 10.0.40219.1
Project("{FAE04EC0-301F-11D3-BF4B-00C04F79EFBC}") = "Inventario", "Inventario.csproj", "{B3A9DB12-24F1-4638-AD84-68A96D7EBD9F}"
EndProject
Global
	GlobalSection(SolutionConfigurationPlatforms) = preSolution
		Debug|Any CPU = Debug|Any CPU
		Release|Any CPU = Release|Any CPU
	EndGlobalSection
	GlobalSection(ProjectConfigurationPlatforms) = postSolution
		{B3A9DB12-24F1-4638-AD84-68A96D7EBD9F}.Debug|Any CPU.ActiveCfg = Debug|Any CPU
		{B3A9DB12-24F1-4638-AD84-68A96D7EBD9F}.Debug|Any CPU.Build.0 = Debug|Any CPU
		{B3A9DB12-24F1-4638-AD84-68A96D7EBD9F}.Release|Any CPU.ActiveCfg = Release|Any CPU
		{B3A9DB12-24F1-4638-AD84-68A96D7EBD9F}.Release|Any CPU.Build.0 = Release|Any CPU
	EndGlobalSection
	GlobalSection(SolutionProperties) = preSolution
		HideSolutionNode = FALSE
	EndGlobalSection
	GlobalSection(ExtensibilityGlobals) = postSolution
		SolutionGuid = {45CB286F-797B-4992-BCB4-DF8742521F19}
	EndGlobalSection
EndGlobal
